
Microsoft Visual Studio Solution File, Format Version 12.00
# Visual Studio Version 16
VisualStudioVersion = 16.0.31515.178
MinimumVisualStudioVersion = 10.0.40219.1
Project("{FAE04EC0-301F-11D3-BF4B-00C04F79EFBC}") = "hwCalc", "hwCalc\hwCalc.csproj", "{2DEEEEAF-7600-4696-9A2A-DF16984E5C2A}"
EndProject
Global
	GlobalSection(SolutionConfigurationPlatforms) = preSolution
		Debug|Any CPU = Debug|Any CPU
		Release|Any CPU = Release|Any CPU
	EndGlobalSection
	GlobalSection(ProjectConfigurationPlatforms) = postSolution
		{2DEEEEAF-7600-4696-9A2A-DF16984E5C2A}.Debug|Any CPU.ActiveCfg = Debug|Any CPU
		{2DEEEEAF-7600-4696-9A2A-DF16984E5C2A}.Debug|Any CPU.Build.0 = Debug|Any CPU
		{2DEEEEAF-7600-4696-9A2A-DF16984E5C2A}.Release|Any CPU.ActiveCfg = Release|Any CPU
		{2DEEEEAF-7600-4696-9A2A-DF16984E5C2A}.Release|Any CPU.Build.0 = Release|Any CPU
	EndGlobalSection
	GlobalSection(SolutionProperties) = preSolution
		HideSolutionNode = FALSE
	EndGlobalSection
	GlobalSection(ExtensibilityGlobals) = postSolution
		SolutionGuid = {340C2CB8-FC2B-4C64-B528-B7B207534CEF}
	EndGlobalSection
EndGlobal
